PODS:
  - example_ffi_plugin (0.0.1):
    - Flutter
  - Flutter (1.0.0)

DEPENDENCIES:
  - example_ffi_plugin (from `.symlinks/plugins/example_ffi_plugin/ios`)
  - Flutter (from `Flutter`)

EXTERNAL SOURCES:
  example_ffi_plugin:
    :path: ".symlinks/plugins/example_ffi_plugin/ios"
  Flutter:
    :path: Flutter

SPEC CHECKSUMS:
  example_ffi_plugin: 6ae6d02e06a9185f5323dc03c854db8e8eff7587
  Flutter: e0871f40cf51350855a761d2e70bf5af5b9b5de7

PODFILE CHECKSUM: 819463e6a0290f5a72f145ba7cde16e8b6ef0796

COCOAPODS: 1.16.2
